schema: '2.0'
stages:
  download_data:
    cmd: python ./src/data/data_downloading.py
    deps:
    - path: ./src/data/data_downloading.py
      hash: md5
      md5: 4de058654bd4653f4aff65c643b73d70
      size: 3170
    outs:
    - path: ./data/raw/Dataset_FudanPed/PNGImages/
      hash: md5
      md5: 67061f15dfc0e1ffdeb8ff12bdefd690.dir
      size: 53234523
      nfiles: 170
    - path: ./data/raw/Dataset_FudanPed/PedMasks/
      hash: md5
      md5: c8cb959f7d9979777c05034a4b57e704.dir
      size: 429920
      nfiles: 170
  preprocessing_data:
    cmd: python ./src/data/data_preprocessing.py
    deps:
    - path: ./data/raw/Dataset_FudanPed/PNGImages/
      hash: md5
      md5: 67061f15dfc0e1ffdeb8ff12bdefd690.dir
      size: 53234523
      nfiles: 170
    - path: ./data/raw/Dataset_FudanPed/PedMasks/
      hash: md5
      md5: c8cb959f7d9979777c05034a4b57e704.dir
      size: 429920
      nfiles: 170
    - path: ./src/data/data_preprocessing.py
      hash: md5
      md5: a8b815dda536f0095084fd740e5df2c5
      size: 5175
    params:
      params.yaml:
        preprocessing_data.seed: 44
        preprocessing_data.testing_size: 0.295
        preprocessing_data.training_size: 0.41
        preprocessing_data.validation_size: 0.295
    outs:
    - path: ./data/processed/testing_dataset.pkl
      hash: md5
      md5: 1359e8308a7fec20394591ed6d41150e
      size: 8508
    - path: ./data/processed/training_dataset.pkl
      hash: md5
      md5: 960751a8476543c15dcde8486167f8de
      size: 33676
    - path: ./data/processed/validation_dataset.pkl
      hash: md5
      md5: bc907deee0dcd6ee630b5f18b9d26c6e
      size: 8508
  validate_data_gx:
    cmd: python ./src/data/validate.py
    deps:
    - path: ./data/processed/testing_dataset.pkl
      hash: md5
      md5: 1359e8308a7fec20394591ed6d41150e
      size: 8508
    - path: ./data/processed/training_dataset.pkl
      hash: md5
      md5: 960751a8476543c15dcde8486167f8de
      size: 33676
    - path: ./data/processed/validation_dataset.pkl
      hash: md5
      md5: bc907deee0dcd6ee630b5f18b9d26c6e
      size: 8508
    - path: ./src/data/validate.py
      hash: md5
      md5: 6264fc118bfd4dde11b0ad76238413c2
      size: 3330
