schema: '2.0'
stages:
  download_data:
    cmd: python3 ./src/data/data_downloading.py
    deps:
    - path: ./src/data/data_downloading.py
      hash: md5
      md5: 4de058654bd4653f4aff65c643b73d70
      size: 3170
    outs:
    - path: ./data/raw/Dataset_FudanPed/PNGImages/
      hash: md5
      md5: 67061f15dfc0e1ffdeb8ff12bdefd690.dir
      size: 53234523
      nfiles: 170
    - path: ./data/raw/Dataset_FudanPed/PedMasks/
      hash: md5
      md5: c8cb959f7d9979777c05034a4b57e704.dir
      size: 429920
      nfiles: 170
  preprocessing_data:
    cmd: python3 ./src/data/data_preprocessing.py
    deps:
    - path: ./data/raw/Dataset_FudanPed/PNGImages/
      hash: md5
      md5: 67061f15dfc0e1ffdeb8ff12bdefd690.dir
      size: 53234523
      nfiles: 170
    - path: ./data/raw/Dataset_FudanPed/PedMasks/
      hash: md5
      md5: c8cb959f7d9979777c05034a4b57e704.dir
      size: 429920
      nfiles: 170
    - path: ./src/data/data_preprocessing.py
      hash: md5
      md5: a8b815dda536f0095084fd740e5df2c5
      size: 5175
    params:
      params.yaml:
        preprocessing_data.seed: 44
        preprocessing_data.testing_size: 0.295
        preprocessing_data.training_size: 0.41
        preprocessing_data.validation_size: 0.295
    outs:
    - path: ./data/processed/testing_dataset.pkl
      hash: md5
      md5: 1359e8308a7fec20394591ed6d41150e
      size: 8508
    - path: ./data/processed/training_dataset.pkl
      hash: md5
      md5: 960751a8476543c15dcde8486167f8de
      size: 33676
    - path: ./data/processed/validation_dataset.pkl
      hash: md5
      md5: bc907deee0dcd6ee630b5f18b9d26c6e
      size: 8508
  validate_data_gx:
    cmd: python3 ./src/data/validate.py
    deps:
    - path: ./data/processed/testing_dataset.pkl
      hash: md5
      md5: 1359e8308a7fec20394591ed6d41150e
      size: 8508
    - path: ./data/processed/training_dataset.pkl
      hash: md5
      md5: 960751a8476543c15dcde8486167f8de
      size: 33676
    - path: ./data/processed/validation_dataset.pkl
      hash: md5
      md5: bc907deee0dcd6ee630b5f18b9d26c6e
      size: 8508
    - path: ./src/data/validate.py
      hash: md5
      md5: 6264fc118bfd4dde11b0ad76238413c2
      size: 3330
  modelling:
    cmd: python3 ./src/models/modelling_pipeline.py
    deps:
    - path: ./data/processed/
      hash: md5
      md5: 3ab61b1a140a4ff94086de58634e3f3e.dir
      size: 50692
      nfiles: 3
    - path: ./src/models/modelling.py
      hash: md5
      md5: 37d29f83cea6683b3c6b7ecb37db5211
      size: 5112
    - path: ./src/models/modelling_pipeline.py
      hash: md5
      md5: 0f9d0df294e586517446ca6471ef1316
      size: 4047
    params:
      params.yaml:
        modelling.batch_size_train: 2
        modelling.hidden_layer: 256
        modelling.training_epochs: 3
    outs:
    - path: ./models/baseline_retrain.pth
      hash: md5
      md5: f73d2f39c01b45fa72174eccd4d49805
      size: 176259614
  testing_model:
    cmd: python3 ./src/models/testing_model.py
    deps:
    - path: ./data/processed/
      hash: md5
      md5: 3ab61b1a140a4ff94086de58634e3f3e.dir
      size: 50692
      nfiles: 3
    - path: ./models/baseline_retrain.pth
      hash: md5
      md5: f73d2f39c01b45fa72174eccd4d49805
      size: 176259614
    - path: ./src/models/modelling.py
      hash: md5
      md5: 37d29f83cea6683b3c6b7ecb37db5211
      size: 5112
    - path: ./src/models/testing_model.py
      hash: md5
      md5: 629cb80e9ba48e85a12d06422b392a10
      size: 2147
